// !$*UTF8*$!
{
	archiveVersion = 1;
	classes = {
	};
	objectVersion = 56;
	objects = {

/* Begin PBXBuildFile section */
		7004C24E28FCA08C0042BB42 /* AppDelegate.swift in Sources */ = {isa = PBXBuildFile; fileRef = 7004C24D28FCA08C0042BB42 /* AppDelegate.swift */; };
		7004C25028FCA08C0042BB42 /* SceneDelegate.swift in Sources */ = {isa = PBXBuildFile; fileRef = 7004C24F28FCA08C0042BB42 /* SceneDelegate.swift */; };
		7004C25228FCA08C0042BB42 /* ViewController.swift in Sources */ = {isa = PBXBuildFile; fileRef = 7004C25128FCA08C0042BB42 /* ViewController.swift */; };
		7004C25528FCA08C0042BB42 /* Main.storyboard in Resources */ = {isa = PBXBuildFile; fileRef = 7004C25328FCA08C0042BB42 /* Main.storyboard */; };
		7004C25728FCA08D0042BB42 /* Assets.xcassets in Resources */ = {isa = PBXBuildFile; fileRef = 7004C25628FCA08D0042BB42 /* Assets.xcassets */; };
		7004C25A28FCA08D0042BB42 /* LaunchScreen.storyboard in Resources */ = {isa = PBXBuildFile; fileRef = 7004C25828FCA08D0042BB42 /* LaunchScreen.storyboard */; };
		7004C26228FCA4490042BB42 /* LoginViewController.swift in Sources */ = {isa = PBXBuildFile; fileRef = 7004C26128FCA4490042BB42 /* LoginViewController.swift */; };
		7004C26428FCA54E0042BB42 /* CreateAccountViewController.swift in Sources */ = {isa = PBXBuildFile; fileRef = 7004C26328FCA54E0042BB42 /* CreateAccountViewController.swift */; };
		7004C26628FCA6F40042BB42 /* GoogleService-Info.plist in Resources */ = {isa = PBXBuildFile; fileRef = 7004C26528FCA6F40042BB42 /* GoogleService-Info.plist */; };
		7004C26928FCAC550042BB42 /* FirebaseAuth in Frameworks */ = {isa = PBXBuildFile; productRef = 7004C26828FCAC550042BB42 /* FirebaseAuth */; };
		7057D72F291B913500053822 /* NotesViewController.swift in Sources */ = {isa = PBXBuildFile; fileRef = 7057D72E291B913500053822 /* NotesViewController.swift */; };
/* End PBXBuildFile section */

/* Begin PBXFileReference section */
		7004C24A28FCA08C0042BB42 /* NotUygulamasi.app */ = {isa = PBXFileReference; explicitFileType = wrapper.application; includeInIndex = 0; path = NotUygulamasi.app; sourceTree = BUILT_PRODUCTS_DIR; };
		7004C24D28FCA08C0042BB42 /* AppDelegate.swift */ = {isa = PBXFileReference; lastKnownFileType = sourcecode.swift; path = AppDelegate.swift; sourceTree = "<group>"; };
		7004C24F28FCA08C0042BB42 /* SceneDelegate.swift */ = {isa = PBXFileReference; lastKnownFileType = sourcecode.swift; path = SceneDelegate.swift; sourceTree = "<group>"; };
		7004C25128FCA08C0042BB42 /* ViewController.swift */ = {isa = PBXFileReference; lastKnownFileType = sourcecode.swift; path = ViewController.swift; sourceTree = "<group>"; };
		7004C25428FCA08C0042BB42 /* Base */ = {isa = PBXFileReference; lastKnownFileType = file.storyboard; name = Base; path = Base.lproj/Main.storyboard; sourceTree = "<group>"; };
		7004C25628FCA08D0042BB42 /* Assets.xcassets */ = {isa = PBXFileReference; lastKnownFileType = folder.assetcatalog; path = Assets.xcassets; sourceTree = "<group>"; };
		7004C25928FCA08D0042BB42 /* Base */ = {isa = PBXFileReference; lastKnownFileType = file.storyboard; name = Base; path = Base.lproj/LaunchScreen.storyboard; sourceTree = "<group>"; };
		7004C25B28FCA08D0042BB42 /* Info.plist */ = {isa = PBXFileReference; lastKnownFileType = text.plist.xml; path = Info.plist; sourceTree = "<group>"; };
		7004C26128FCA4490042BB42 /* LoginViewController.swift */ = {isa = PBXFileReference; lastKnownFileType = sourcecode.swift; path = LoginViewController.swift; sourceTree = "<group>"; };
		7004C26328FCA54E0042BB42 /* CreateAccountViewController.swift */ = {isa = PBXFileReference; lastKnownFileType = sourcecode.swift; path = CreateAccountViewController.swift; sourceTree = "<group>"; };
		7004C26528FCA6F40042BB42 /* GoogleService-Info.plist */ = {isa = PBXFileReference; fileEncoding = 4; lastKnownFileType = text.plist.xml; path = "GoogleService-Info.plist"; sourceTree = "<group>"; };
		7057D72E291B913500053822 /* NotesViewController.swift */ = {isa = PBXFileReference; lastKnownFileType = sourcecode.swift; path = NotesViewController.swift; sourceTree = "<group>"; };
/* End PBXFileReference section */

/* Begin PBXFrameworksBuildPhase section */
		7004C24728FCA08C0042BB42 /* Frameworks */ = {
			isa = PBXFrameworksBuildPhase;
			buildActionMask = 2147483647;
			files = (
				7004C26928FCAC550042BB42 /* FirebaseAuth in Frameworks */,
			);
			runOnlyForDeploymentPostprocessing = 0;
		};
/* End PBXFrameworksBuildPhase section */

/* Begin PBXGroup section */
		7004C24128FCA08C0042BB42 = {
			isa = PBXGroup;
			children = (
				7004C24C28FCA08C0042BB42 /* NotUygulamasi */,
				7004C24B28FCA08C0042BB42 /* Products */,
			);
			sourceTree = "<group>";
		};
		7004C24B28FCA08C0042BB42 /* Products */ = {
			isa = PBXGroup;
			children = (
				7004C24A28FCA08C0042BB42 /* NotUygulamasi.app */,
			);
			name = Products;
			sourceTree = "<group>";
		};
		7004C24C28FCA08C0042BB42 /* NotUygulamasi */ = {
			isa = PBXGroup;
			children = (
				7004C24D28FCA08C0042BB42 /* AppDelegate.swift */,
				7004C24F28FCA08C0042BB42 /* SceneDelegate.swift */,
				7004C25128FCA08C0042BB42 /* ViewController.swift */,
				7004C25328FCA08C0042BB42 /* Main.storyboard */,
				7004C25628FCA08D0042BB42 /* Assets.xcassets */,
				7004C25828FCA08D0042BB42 /* LaunchScreen.storyboard */,
				7004C25B28FCA08D0042BB42 /* Info.plist */,
				7004C26128FCA4490042BB42 /* LoginViewController.swift */,
				7004C26328FCA54E0042BB42 /* CreateAccountViewController.swift */,
				7004C26528FCA6F40042BB42 /* GoogleService-Info.plist */,
				7057D72E291B913500053822 /* NotesViewController.swift */,
			);
			path = NotUygulamasi;
			sourceTree = "<group>";
		};
/* End PBXGroup section */

/* Begin PBXNativeTarget section */
		7004C24928FCA08C0042BB42 /* NotUygulamasi */ = {
			isa = PBXNativeTarget;
			buildConfigurationList = 7004C25E28FCA08D0042BB42 /* Build configuration list for PBXNativeTarget "NotUygulamasi" */;
			buildPhases = (
				7004C24628FCA08C0042BB42 /* Sources */,
				7004C24728FCA08C0042BB42 /* Frameworks */,
				7004C24828FCA08C0042BB42 /* Resources */,
			);
			buildRules = (
			);
			dependencies = (
			);
			name = NotUygulamasi;
			packageProductDependencies = (
				7004C26828FCAC550042BB42 /* FirebaseAuth */,
			);
			productName = NotUygulamasi;
			productReference = 7004C24A28FCA08C0042BB42 /* NotUygulamasi.app */;
			productType = "com.apple.product-type.application";
		};
/* End PBXNativeTarget section */

/* Begin PBXProject section */
		7004C24228FCA08C0042BB42 /* Project object */ = {
			isa = PBXProject;
			attributes = {
				BuildIndependentTargetsInParallel = 1;
				LastSwiftUpdateCheck = 1400;
				LastUpgradeCheck = 1400;
				TargetAttributes = {
					7004C24928FCA08C0042BB42 = {
						CreatedOnToolsVersion = 14.0.1;
					};
				};
			};
			buildConfigurationList = 7004C24528FCA08C0042BB42 /* Build configuration list for PBXProject "NotUygulamasi" */;
			compatibilityVersion = "Xcode 14.0";
			developmentRegion = en;
			hasScannedForEncodings = 0;
			knownRegions = (
				en,
				Base,
			);
			mainGroup = 7004C24128FCA08C0042BB42;
			packageReferences = (
				7004C26728FCAC550042BB42 /* XCRemoteSwiftPackageReference "firebase-ios-sdk" */,
			);
			productRefGroup = 7004C24B28FCA08C0042BB42 /* Products */;
			projectDirPath = "";
			projectRoot = "";
			targets = (
				7004C24928FCA08C0042BB42 /* NotUygulamasi */,
			);
		};
/* End PBXProject section */

/* Begin PBXResourcesBuildPhase section */
		7004C24828FCA08C0042BB42 /* Resources */ = {
			isa = PBXResourcesBuildPhase;
			buildActionMask = 2147483647;
			files = (
				7004C25A28FCA08D0042BB42 /* LaunchScreen.storyboard in Resources */,
				7004C26628FCA6F40042BB42 /* GoogleService-Info.plist in Resources */,
				7004C25728FCA08D0042BB42 /* Assets.xcassets in Resources */,
				7004C25528FCA08C0042BB42 /* Main.storyboard in Resources */,
			);
			runOnlyForDeploymentPostprocessing = 0;
		};
/* End PBXResourcesBuildPhase section */

/* Begin PBXSourcesBuildPhase section */
		7004C24628FCA08C0042BB42 /* Sources */ = {
			isa = PBXSourcesBuildPhase;
			buildActionMask = 2147483647;
			files = (
				7004C26428FCA54E0042BB42 /* CreateAccountViewController.swift in Sources */,
				7004C26228FCA4490042BB42 /* LoginViewController.swift in Sources */,
				7057D72F291B913500053822 /* NotesViewController.swift in Sources */,
				7004C25228FCA08C0042BB42 /* ViewController.swift in Sources */,
				7004C24E28FCA08C0042BB42 /* AppDelegate.swift in Sources */,
				7004C25028FCA08C0042BB42 /* SceneDelegate.swift in Sources */,
			);
			runOnlyForDeploymentPostprocessing = 0;
		};
/* End PBXSourcesBuildPhase section */

/* Begin PBXVariantGroup section */
		7004C25328FCA08C0042BB42 /* Main.storyboard */ = {
			isa = PBXVariantGroup;
			children = (
				7004C25428FCA08C0042BB42 /* Base */,
			);
			name = Main.storyboard;
			sourceTree = "<group>";
		};
		7004C25828FCA08D0042BB42 /* LaunchScreen.storyboard */ = {
			isa = PBXVariantGroup;
			children = (
				7004C25928FCA08D0042BB42 /* Base */,
			);
			name = LaunchScreen.storyboard;
			sourceTree = "<group>";
		};
/* End PBXVariantGroup section */

/* Begin XCBuildConfiguration section */
		7004C25C28FCA08D0042BB42 /* Debug */ = {
			isa = XCBuildConfiguration;
			buildSettings = {
				ALWAYS_SEARCH_USER_PATHS = NO;
				CLANG_ANALYZER_NONNULL = YES;
				CLANG_ANALYZER_NUMBER_OBJECT_CONVERSION = YES_AGGRESSIVE;
				CLANG_CXX_LANGUAGE_STANDARD = "gnu++20";
				CLANG_ENABLE_MODULES = YES;
				CLANG_ENABLE_OBJC_ARC = YES;
				CLANG_ENABLE_OBJC_WEAK = YES;
				CLANG_WARN_BLOCK_CAPTURE_AUTORELEASING = YES;
				CLANG_WARN_BOOL_CONVERSION = YES;
				CLANG_WARN_COMMA = YES;
				CLANG_WARN_CONSTANT_CONVERSION = YES;
				CLANG_WARN_DEPRECATED_OBJC_IMPLEMENTATIONS = YES;
				CLANG_WARN_DIRECT_OBJC_ISA_USAGE = YES_ERROR;
				CLANG_WARN_DOCUMENTATION_COMMENTS = YES;
				CLANG_WARN_EMPTY_BODY = YES;
				CLANG_WARN_ENUM_CONVERSION = YES;
				CLANG_WARN_INFINITE_RECURSION = YES;
				CLANG_WARN_INT_CONVERSION = YES;
				CLANG_WARN_NON_LITERAL_NULL_CONVERSION = YES;
				CLANG_WARN_OBJC_IMPLICIT_RETAIN_SELF = YES;
				CLANG_WARN_OBJC_LITERAL_CONVERSION = YES;
				CLANG_WARN_OBJC_ROOT_CLASS = YES_ERROR;
				CLANG_WARN_QUOTED_INCLUDE_IN_FRAMEWORK_HEADER = YES;
				CLANG_WARN_RANGE_LOOP_ANALYSIS = YES;
				CLANG_WARN_STRICT_PROTOTYPES = YES;
				CLANG_WARN_SUSPICIOUS_MOVE = YES;
				CLANG_WARN_UNGUARDED_AVAILABILITY = YES_AGGRESSIVE;
				CLANG_WARN_UNREACHABLE_CODE = YES;
				CLANG_WARN__DUPLICATE_METHOD_MATCH = YES;
				COPY_PHASE_STRIP = NO;
				DEBUG_INFORMATION_FORMAT = dwarf;
				ENABLE_STRICT_OBJC_MSGSEND = YES;
				ENABLE_TESTABILITY = YES;
				GCC_C_LANGUAGE_STANDARD = gnu11;
				GCC_DYNAMIC_NO_PIC = NO;
				GCC_NO_COMMON_BLOCKS = YES;
				GCC_OPTIMIZATION_LEVEL = 0;
				GCC_PREPROCESSOR_DEFINITIONS = (
					"DEBUG=1",
					"$(inherited)",
				);
				GCC_WARN_64_TO_32_BIT_CONVERSION = YES;
				GCC_WARN_ABOUT_RETURN_TYPE = YES_ERROR;
				GCC_WARN_UNDECLARED_SELECTOR = YES;
				GCC_WARN_UNINITIALIZED_AUTOS = YES_AGGRESSIVE;
				GCC_WARN_UNUSED_FUNCTION = YES;
				GCC_WARN_UNUSED_VARIABLE = YES;
				IPHONEOS_DEPLOYMENT_TARGET = 16.0;
				MTL_ENABLE_DEBUG_INFO = INCLUDE_SOURCE;
				MTL_FAST_MATH = YES;
				ONLY_ACTIVE_ARCH = YES;
				SDKROOT = iphoneos;
				SWIFT_ACTIVE_COMPILATION_CONDITIONS = DEBUG;
				SWIFT_OPTIMIZATION_LEVEL = "-Onone";
			};
			name = Debug;
		};
		7004C25D28FCA08D0042BB42 /* Release */ = {
			isa = XCBuildConfiguration;
			buildSettings = {
				ALWAYS_SEARCH_USER_PATHS = NO;
				CLANG_ANALYZER_NONNULL = YES;
				CLANG_ANALYZER_NUMBER_OBJECT_CONVERSION = YES_AGGRESSIVE;
				CLANG_CXX_LANGUAGE_STANDARD = "gnu++20";
				CLANG_ENABLE_MODULES = YES;
				CLANG_ENABLE_OBJC_ARC = YES;
				CLANG_ENABLE_OBJC_WEAK = YES;
				CLANG_WARN_BLOCK_CAPTURE_AUTORELEASING = YES;
				CLANG_WARN_BOOL_CONVERSION = YES;
				CLANG_WARN_COMMA = YES;
				CLANG_WARN_CONSTANT_CONVERSION = YES;
				CLANG_WARN_DEPRECATED_OBJC_IMPLEMENTATIONS = YES;
				CLANG_WARN_DIRECT_OBJC_ISA_USAGE = YES_ERROR;
				CLANG_WARN_DOCUMENTATION_COMMENTS = YES;
				CLANG_WARN_EMPTY_BODY = YES;
				CLANG_WARN_ENUM_CONVERSION = YES;
				CLANG_WARN_INFINITE_RECURSION = YES;
				CLANG_WARN_INT_CONVERSION = YES;
				CLANG_WARN_NON_LITERAL_NULL_CONVERSION = YES;
				CLANG_WARN_OBJC_IMPLICIT_RETAIN_SELF = YES;
				CLANG_WARN_OBJC_LITERAL_CONVERSION = YES;
				CLANG_WARN_OBJC_ROOT_CLASS = YES_ERROR;
				CLANG_WARN_QUOTED_INCLUDE_IN_FRAMEWORK_HEADER = YES;
				CLANG_WARN_RANGE_LOOP_ANALYSIS = YES;
				CLANG_WARN_STRICT_PROTOTYPES = YES;
				CLANG_WARN_SUSPICIOUS_MOVE = YES;
				CLANG_WARN_UNGUARDED_AVAILABILITY = YES_AGGRESSIVE;
				CLANG_WARN_UNREACHABLE_CODE = YES;
				CLANG_WARN__DUPLICATE_METHOD_MATCH = YES;
				COPY_PHASE_STRIP = NO;
				DEBUG_INFORMATION_FORMAT = "dwarf-with-dsym";
				ENABLE_NS_ASSERTIONS = NO;
				ENABLE_STRICT_OBJC_MSGSEND = YES;
				GCC_C_LANGUAGE_STANDARD = gnu11;
				GCC_NO_COMMON_BLOCKS = YES;
				GCC_WARN_64_TO_32_BIT_CONVERSION = YES;
				GCC_WARN_ABOUT_RETURN_TYPE = YES_ERROR;
				GCC_WARN_UNDECLARED_SELECTOR = YES;
				GCC_WARN_UNINITIALIZED_AUTOS = YES_AGGRESSIVE;
				GCC_WARN_UNUSED_FUNCTION = YES;
				GCC_WARN_UNUSED_VARIABLE = YES;
				IPHONEOS_DEPLOYMENT_TARGET = 16.0;
				MTL_ENABLE_DEBUG_INFO = NO;
				MTL_FAST_MATH = YES;
				SDKROOT = iphoneos;
				SWIFT_COMPILATION_MODE = wholemodule;
				SWIFT_OPTIMIZATION_LEVEL = "-O";
				VALIDATE_PRODUCT = YES;
			};
			name = Release;
		};
		7004C25F28FCA08D0042BB42 /* Debug */ = {
			isa = XCBuildConfiguration;
			buildSettings = {
				ASSETCATALOG_COMPILER_APPICON_NAME = AppIcon;
				ASSETCATALOG_COMPILER_GLOBAL_ACCENT_COLOR_NAME = AccentColor;
				CODE_SIGN_STYLE = Automatic;
				CURRENT_PROJECT_VERSION = 1;
				DEVELOPMENT_TEAM = 5GVJ758853;
				GENERATE_INFOPLIST_FILE = YES;
				INFOPLIST_FILE = NotUygulamasi/Info.plist;
				INFOPLIST_KEY_UIApplicationSupportsIndirectInputEvents = YES;
				INFOPLIST_KEY_UILaunchStoryboardName = LaunchScreen;
				INFOPLIST_KEY_UIMainStoryboardFile = Main;
				INFOPLIST_KEY_UISupportedInterfaceOrientations_iPad = "UIInterfaceOrientationPortrait UIInterfaceOrientationPortraitUpsideDown UIInterfaceOrientationLandscapeLeft UIInterfaceOrientationLandscapeRight";
				INFOPLIST_KEY_UISupportedInterfaceOrientations_iPhone = "UIInterfaceOrientationPortrait UIInterfaceOrientationLandscapeLeft UIInterfaceOrientationLandscapeRight";
				LD_RUNPATH_SEARCH_PATHS = (
					"$(inherited)",
					"@executable_path/Frameworks",
				);
				MARKETING_VERSION = 1.0;
				PRODUCT_BUNDLE_IDENTIFIER = com.zeyneppsevgi.NotUygulamasi;
				PRODUCT_NAME = "$(TARGET_NAME)";
				SWIFT_EMIT_LOC_STRINGS = YES;
				SWIFT_VERSION = 5.0;
				TARGETED_DEVICE_FAMILY = "1,2";
			};
			name = Debug;
		};
		7004C26028FCA08D0042BB42 /* Release */ = {
			isa = XCBuildConfiguration;
			buildSettings = {
				ASSETCATALOG_COMPILER_APPICON_NAME = AppIcon;
				ASSETCATALOG_COMPILER_GLOBAL_ACCENT_COLOR_NAME = AccentColor;
				CODE_SIGN_STYLE = Automatic;
				CURRENT_PROJECT_VERSION = 1;
				DEVELOPMENT_TEAM = 5GVJ758853;
				GENERATE_INFOPLIST_FILE = YES;
				INFOPLIST_FILE = NotUygulamasi/Info.plist;
				INFOPLIST_KEY_UIApplicationSupportsIndirectInputEvents = YES;
				INFOPLIST_KEY_UILaunchStoryboardName = LaunchScreen;
				INFOPLIST_KEY_UIMainStoryboardFile = Main;
				INFOPLIST_KEY_UISupportedInterfaceOrientations_iPad = "UIInterfaceOrientationPortrait UIInterfaceOrientationPortraitUpsideDown UIInterfaceOrientationLandscapeLeft UIInterfaceOrientationLandscapeRight";
				INFOPLIST_KEY_UISupportedInterfaceOrientations_iPhone = "UIInterfaceOrientationPortrait UIInterfaceOrientationLandscapeLeft UIInterfaceOrientationLandscapeRight";
				LD_RUNPATH_SEARCH_PATHS = (
					"$(inherited)",
					"@executable_path/Frameworks",
				);
				MARKETING_VERSION = 1.0;
				PRODUCT_BUNDLE_IDENTIFIER = com.zeyneppsevgi.NotUygulamasi;
				PRODUCT_NAME = "$(TARGET_NAME)";
				SWIFT_EMIT_LOC_STRINGS = YES;
				SWIFT_VERSION = 5.0;
				TARGETED_DEVICE_FAMILY = "1,2";
			};
			name = Release;
		};
/* End XCBuildConfiguration section */

/* Begin XCConfigurationList section */
		7004C24528FCA08C0042BB42 /* Build configuration list for PBXProject "NotUygulamasi" */ = {
			isa = XCConfigurationList;
			buildConfigurations = (
				7004C25C28FCA08D0042BB42 /* Debug */,
				7004C25D28FCA08D0042BB42 /* Release */,
			);
			defaultConfigurationIsVisible = 0;
			defaultConfigurationName = Release;
		};
		7004C25E28FCA08D0042BB42 /* Build configuration list for PBXNativeTarget "NotUygulamasi" */ = {
			isa = XCConfigurationList;
			buildConfigurations = (
				7004C25F28FCA08D0042BB42 /* Debug */,
				7004C26028FCA08D0042BB42 /* Release */,
			);
			defaultConfigurationIsVisible = 0;
			defaultConfigurationName = Release;
		};
/* End XCConfigurationList section */

/* Begin XCRemoteSwiftPackageReference section */
		7004C26728FCAC550042BB42 /* XCRemoteSwiftPackageReference "firebase-ios-sdk" */ = {
			isa = XCRemoteSwiftPackageReference;
			repositoryURL = "https://github.com/firebase/firebase-ios-sdk";
			requirement = {
				branch = master;
				kind = branch;
			};
		};
/* End XCRemoteSwiftPackageReference section */

/* Begin XCSwiftPackageProductDependency section */
		7004C26828FCAC550042BB42 /* FirebaseAuth */ = {
			isa = XCSwiftPackageProductDependency;
			package = 7004C26728FCAC550042BB42 /* XCRemoteSwiftPackageReference "firebase-ios-sdk" */;
			productName = FirebaseAuth;
		};
/* End XCSwiftPackageProductDependency section */
	};
	rootObject = 7004C24228FCA08C0042BB42 /* Project object */;
}
